
Microsoft Visual Studio Solution File, Format Version 12.00
# Visual Studio Version 17
VisualStudioVersion = 17.3.32929.385
MinimumVisualStudioVersion = 10.0.40219.1
Project("{FAE04EC0-301F-11D3-BF4B-00C04F79EFBC}") = "05. Small Shop", "05. Small Shop.csproj", "{E18A456E-2CF8-4800-B170-A01EB2B1497E}"
EndProject
Global
	GlobalSection(SolutionConfigurationPlatforms) = preSolution
		Debug|Any CPU = Debug|Any CPU
		Release|Any CPU = Release|Any CPU
	EndGlobalSection
	GlobalSection(ProjectConfigurationPlatforms) = postSolution
		{E18A456E-2CF8-4800-B170-A01EB2B1497E}.Debug|Any CPU.ActiveCfg = Debug|Any CPU
		{E18A456E-2CF8-4800-B170-A01EB2B1497E}.Debug|Any CPU.Build.0 = Debug|Any CPU
		{E18A456E-2CF8-4800-B170-A01EB2B1497E}.Release|Any CPU.ActiveCfg = Release|Any CPU
		{E18A456E-2CF8-4800-B170-A01EB2B1497E}.Release|Any CPU.Build.0 = Release|Any CPU
	EndGlobalSection
	GlobalSection(SolutionProperties) = preSolution
		HideSolutionNode = FALSE
	EndGlobalSection
	GlobalSection(ExtensibilityGlobals) = postSolution
		SolutionGuid = {A15DAFBC-CB11-47C2-A976-88332EEFC021}
	EndGlobalSection
EndGlobal
